
Microsoft Visual Studio Solution File, Format Version 12.00
# Visual Studio Version 17
VisualStudioVersion = 17.11.35303.130
MinimumVisualStudioVersion = 10.0.40219.1
Project("{888888A0-9F3D-457C-B088-3A5042F75D52}") = "formulario datito 2", "formulario datito 2\formulario datito 2.pyproj", "{F0495EBF-6807-4845-BBA5-6DA316B1FADA}"
EndProject
Global
	GlobalSection(SolutionConfigurationPlatforms) = preSolution
		Debug|Any CPU = Debug|Any CPU
		Release|Any CPU = Release|Any CPU
	EndGlobalSection
	GlobalSection(ProjectConfigurationPlatforms) = postSolution
		{F0495EBF-6807-4845-BBA5-6DA316B1FADA}.Debug|Any CPU.ActiveCfg = Debug|Any CPU
		{F0495EBF-6807-4845-BBA5-6DA316B1FADA}.Release|Any CPU.ActiveCfg = Release|Any CPU
	EndGlobalSection
	GlobalSection(SolutionProperties) = preSolution
		HideSolutionNode = FALSE
	EndGlobalSection
	GlobalSection(ExtensibilityGlobals) = postSolution
		SolutionGuid = {5C836DB4-0FC7-471F-8FB4-A7C96621547C}
	EndGlobalSection
EndGlobal
